
Microsoft Visual Studio Solution File, Format Version 12.00
# Visual Studio Version 16
VisualStudioVersion = 16.0.32228.343
MinimumVisualStudioVersion = 10.0.40219.1
Project("{FAE04EC0-301F-11D3-BF4B-00C04F79EFBC}") = "TRMDataManager", "TRMDataManager\TRMDataManager.csproj", "{CE6A80E6-96C5-4BAB-8394-0142594B9637}"
EndProject
Global
	GlobalSection(SolutionConfigurationPlatforms) = preSolution
		Debug|Any CPU = Debug|Any CPU
		Release|Any CPU = Release|Any CPU
	EndGlobalSection
	GlobalSection(ProjectConfigurationPlatforms) = postSolution
		{CE6A80E6-96C5-4BAB-8394-0142594B9637}.Debug|Any CPU.ActiveCfg = Debug|Any CPU
		{CE6A80E6-96C5-4BAB-8394-0142594B9637}.Debug|Any CPU.Build.0 = Debug|Any CPU
		{CE6A80E6-96C5-4BAB-8394-0142594B9637}.Release|Any CPU.ActiveCfg = Release|Any CPU
		{CE6A80E6-96C5-4BAB-8394-0142594B9637}.Release|Any CPU.Build.0 = Release|Any CPU
	EndGlobalSection
	GlobalSection(SolutionProperties) = preSolution
		HideSolutionNode = FALSE
	EndGlobalSection
	GlobalSection(ExtensibilityGlobals) = postSolution
		SolutionGuid = {FF91626E-DCBC-44EF-AB55-AB22A42F4927}
	EndGlobalSection
EndGlobal
